
Microsoft Visual Studio Solution File, Format Version 11.00
# Visual Studio 2010
Project("{FAE04EC0-301F-11D3-BF4B-00C04F79EFBC}") = "Assembly-CSharp", "Assembly-CSharp.csproj", "{e0f3b82e-ba65-2430-5472-4e43c59217c1}"
EndProject
Project("{FAE04EC0-301F-11D3-BF4B-00C04F79EFBC}") = "Assembly-CSharp-firstpass", "Assembly-CSharp-firstpass.csproj", "{026d76d2-6f29-6e08-404d-7177e231a585}"
EndProject
Global
	GlobalSection(SolutionConfigurationPlatforms) = preSolution
		Debug|Any CPU = Debug|Any CPU
	EndGlobalSection
	GlobalSection(ProjectConfigurationPlatforms) = postSolution
		{e0f3b82e-ba65-2430-5472-4e43c59217c1}.Debug|Any CPU.ActiveCfg = Debug|Any CPU
		{e0f3b82e-ba65-2430-5472-4e43c59217c1}.Debug|Any CPU.Build.0 = Debug|Any CPU
		{026d76d2-6f29-6e08-404d-7177e231a585}.Debug|Any CPU.ActiveCfg = Debug|Any CPU
		{026d76d2-6f29-6e08-404d-7177e231a585}.Debug|Any CPU.Build.0 = Debug|Any CPU
	EndGlobalSection
	GlobalSection(SolutionProperties) = preSolution
		HideSolutionNode = FALSE
	EndGlobalSection
EndGlobal
